
Microsoft Visual Studio Solution File, Format Version 12.00
Project("{FAE04EC0-301F-11D3-BF4B-00C04F79EFBC}") = "MassTransit.Producer", "MassTransit.Producer\MassTransit.Producer.csproj", "{B7B4793C-C5D0-4A80-A54E-C70974514701}"
EndProject
Project("{FAE04EC0-301F-11D3-BF4B-00C04F79EFBC}") = "MassTransit.Consumer", "MassTransit.Consumer\MassTransit.Consumer.csproj", "{604FBEF7-977C-45DC-AE8E-4C3AABF20055}"
EndProject
Project("{FAE04EC0-301F-11D3-BF4B-00C04F79EFBC}") = "MassTransit.Shard", "MassTransit.Shard\MassTransit.Shard.csproj", "{B3B13ADB-5645-4145-A31A-04664D09474F}"
EndProject
Global
	GlobalSection(SolutionConfigurationPlatforms) = preSolution
		Debug|Any CPU = Debug|Any CPU
		Release|Any CPU = Release|Any CPU
	EndGlobalSection
	GlobalSection(ProjectConfigurationPlatforms) = postSolution
		{B7B4793C-C5D0-4A80-A54E-C70974514701}.Debug|Any CPU.ActiveCfg = Debug|Any CPU
		{B7B4793C-C5D0-4A80-A54E-C70974514701}.Debug|Any CPU.Build.0 = Debug|Any CPU
		{B7B4793C-C5D0-4A80-A54E-C70974514701}.Release|Any CPU.ActiveCfg = Release|Any CPU
		{B7B4793C-C5D0-4A80-A54E-C70974514701}.Release|Any CPU.Build.0 = Release|Any CPU
		{604FBEF7-977C-45DC-AE8E-4C3AABF20055}.Debug|Any CPU.ActiveCfg = Debug|Any CPU
		{604FBEF7-977C-45DC-AE8E-4C3AABF20055}.Debug|Any CPU.Build.0 = Debug|Any CPU
		{604FBEF7-977C-45DC-AE8E-4C3AABF20055}.Release|Any CPU.ActiveCfg = Release|Any CPU
		{604FBEF7-977C-45DC-AE8E-4C3AABF20055}.Release|Any CPU.Build.0 = Release|Any CPU
		{B3B13ADB-5645-4145-A31A-04664D09474F}.Debug|Any CPU.ActiveCfg = Debug|Any CPU
		{B3B13ADB-5645-4145-A31A-04664D09474F}.Debug|Any CPU.Build.0 = Debug|Any CPU
		{B3B13ADB-5645-4145-A31A-04664D09474F}.Release|Any CPU.ActiveCfg = Release|Any CPU
		{B3B13ADB-5645-4145-A31A-04664D09474F}.Release|Any CPU.Build.0 = Release|Any CPU
	EndGlobalSection
EndGlobal
